
Microsoft Visual Studio Solution File, Format Version 12.00
# Visual Studio 2012
Project("{FAE04EC0-301F-11D3-BF4B-00C04F79EFBC}") = "GraphPathing", "GraphPathing.csproj", "{89D157E5-391B-43E1-878F-C883CCDB0A4B}"
EndProject
Project("{FAE04EC0-301F-11D3-BF4B-00C04F79EFBC}") = "Priority Queue", "..\Priority Queue\Priority Queue.csproj", "{1531C1EA-BD53-41D1-A34B-CFCDF79D2651}"
EndProject
Global
	GlobalSection(SolutionConfigurationPlatforms) = preSolution
		Debug|x86 = Debug|x86
		Release|x86 = Release|x86
	EndGlobalSection
	GlobalSection(ProjectConfigurationPlatforms) = postSolution
		{1531C1EA-BD53-41D1-A34B-CFCDF79D2651}.Debug|x86.ActiveCfg = Debug|Any CPU
		{1531C1EA-BD53-41D1-A34B-CFCDF79D2651}.Debug|x86.Build.0 = Debug|Any CPU
		{1531C1EA-BD53-41D1-A34B-CFCDF79D2651}.Release|x86.ActiveCfg = Release|Any CPU
		{1531C1EA-BD53-41D1-A34B-CFCDF79D2651}.Release|x86.Build.0 = Release|Any CPU
		{89D157E5-391B-43E1-878F-C883CCDB0A4B}.Debug|x86.ActiveCfg = Debug|x86
		{89D157E5-391B-43E1-878F-C883CCDB0A4B}.Debug|x86.Build.0 = Debug|x86
		{89D157E5-391B-43E1-878F-C883CCDB0A4B}.Release|x86.ActiveCfg = Release|x86
		{89D157E5-391B-43E1-878F-C883CCDB0A4B}.Release|x86.Build.0 = Release|x86
	EndGlobalSection
EndGlobal
